
Microsoft Visual Studio Solution File, Format Version 12.00
# Visual Studio Version 16
VisualStudioVersion = 16.0.29709.97
MinimumVisualStudioVersion = 10.0.40219.1
Project("{FAE04EC0-301F-11D3-BF4B-00C04F79EFBC}") = "Books_Practice", "Books_Practice\Books_Practice.csproj", "{63309BCC-C7AC-4570-AB46-87C40E71B178}"
EndProject
Global
	GlobalSection(SolutionConfigurationPlatforms) = preSolution
		Debug|Any CPU = Debug|Any CPU
		Release|Any CPU = Release|Any CPU
	EndGlobalSection
	GlobalSection(ProjectConfigurationPlatforms) = postSolution
		{63309BCC-C7AC-4570-AB46-87C40E71B178}.Debug|Any CPU.ActiveCfg = Debug|Any CPU
		{63309BCC-C7AC-4570-AB46-87C40E71B178}.Debug|Any CPU.Build.0 = Debug|Any CPU
		{63309BCC-C7AC-4570-AB46-87C40E71B178}.Release|Any CPU.ActiveCfg = Release|Any CPU
		{63309BCC-C7AC-4570-AB46-87C40E71B178}.Release|Any CPU.Build.0 = Release|Any CPU
	EndGlobalSection
	GlobalSection(SolutionProperties) = preSolution
		HideSolutionNode = FALSE
	EndGlobalSection
	GlobalSection(ExtensibilityGlobals) = postSolution
		SolutionGuid = {412F16EA-13F3-48B7-BCCB-1BB2A28C6555}
	EndGlobalSection
EndGlobal
